
Microsoft Visual Studio Solution File, Format Version 11.00
# Visual Studio 2010
Project("{FAE04EC0-301F-11D3-BF4B-00C04F79EFBC}") = "simulator", "simulator.csproj", "{108991D0-8603-4963-8479-8691D2B48546}"
EndProject
Global
	GlobalSection(SolutionConfigurationPlatforms) = preSolution
		Debug|Any CPU = Debug|Any CPU
		Release|Any CPU = Release|Any CPU
	EndGlobalSection
	GlobalSection(ProjectConfigurationPlatforms) = postSolution
		{108991D0-8603-4963-8479-8691D2B48546}.Debug|Any CPU.ActiveCfg = Debug|Any CPU
		{108991D0-8603-4963-8479-8691D2B48546}.Debug|Any CPU.Build.0 = Debug|Any CPU
		{108991D0-8603-4963-8479-8691D2B48546}.Release|Any CPU.ActiveCfg = Release|Any CPU
		{108991D0-8603-4963-8479-8691D2B48546}.Release|Any CPU.Build.0 = Release|Any CPU
	EndGlobalSection
	GlobalSection(SolutionProperties) = preSolution
		HideSolutionNode = FALSE
	EndGlobalSection
EndGlobal
